// !$*UTF8*$!
{
	archiveVersion = 1;
	classes = {
	};
	objectVersion = 56;
	objects = {

/* Begin PBXBuildFile section */
		021613702AE74E0C008BBD79 /* WeatherPulseApp.swift in Sources */ = {isa = PBXBuildFile; fileRef = 0216136F2AE74E0C008BBD79 /* WeatherPulseApp.swift */; };
		021613742AE74E0E008BBD79 /* Assets.xcassets in Resources */ = {isa = PBXBuildFile; fileRef = 021613732AE74E0E008BBD79 /* Assets.xcassets */; };
		021613772AE74E0E008BBD79 /* Preview Assets.xcassets in Resources */ = {isa = PBXBuildFile; fileRef = 021613762AE74E0E008BBD79 /* Preview Assets.xcassets */; };
		021613812AE74E0E008BBD79 /* WeatherPulseTests.swift in Sources */ = {isa = PBXBuildFile; fileRef = 021613802AE74E0E008BBD79 /* WeatherPulseTests.swift */; };
		0216138B2AE74E0E008BBD79 /* WeatherPulseUITests.swift in Sources */ = {isa = PBXBuildFile; fileRef = 0216138A2AE74E0E008BBD79 /* WeatherPulseUITests.swift */; };
		0216138D2AE74E0E008BBD79 /* WeatherPulseUITestsLaunchTests.swift in Sources */ = {isa = PBXBuildFile; fileRef = 0216138C2AE74E0E008BBD79 /* WeatherPulseUITestsLaunchTests.swift */; };
		0216139E2AE751C7008BBD79 /* WeatherModel.swift in Sources */ = {isa = PBXBuildFile; fileRef = 0216139D2AE751C7008BBD79 /* WeatherModel.swift */; };
		021613A02AE751E5008BBD79 /* WeatherAPI.swift in Sources */ = {isa = PBXBuildFile; fileRef = 0216139F2AE751E5008BBD79 /* WeatherAPI.swift */; };
		021613A22AE7522F008BBD79 /* WeatherViewModel.swift in Sources */ = {isa = PBXBuildFile; fileRef = 021613A12AE7522F008BBD79 /* WeatherViewModel.swift */; };
		021613A42AE752FB008BBD79 /* WeatherPulseView.swift in Sources */ = {isa = PBXBuildFile; fileRef = 021613A32AE752FB008BBD79 /* WeatherPulseView.swift */; };
		021613A62AE75314008BBD79 /* CurrentWeatherView.swift in Sources */ = {isa = PBXBuildFile; fileRef = 021613A52AE75314008BBD79 /* CurrentWeatherView.swift */; };
		021613A82AE75325008BBD79 /* DailyWeatherView.swift in Sources */ = {isa = PBXBuildFile; fileRef = 021613A72AE75325008BBD79 /* DailyWeatherView.swift */; };
		021613AC2AE75694008BBD79 /* WeatherAPIError.swift in Sources */ = {isa = PBXBuildFile; fileRef = 021613AB2AE75694008BBD79 /* WeatherAPIError.swift */; };
		021613AE2AE756A7008BBD79 /* WeatherAPIProtocol.swift in Sources */ = {isa = PBXBuildFile; fileRef = 021613AD2AE756A7008BBD79 /* WeatherAPIProtocol.swift */; };
		021613B02AE75BA0008BBD79 /* LocationManagerProtocol.swift in Sources */ = {isa = PBXBuildFile; fileRef = 021613AF2AE75BA0008BBD79 /* LocationManagerProtocol.swift */; };
		021613B22AE76032008BBD79 /* LocationManager.swift in Sources */ = {isa = PBXBuildFile; fileRef = 021613B12AE76032008BBD79 /* LocationManager.swift */; };
		02DA23DF2AE8026700AC91B1 /* AdditionalWeatherInfoView.swift in Sources */ = {isa = PBXBuildFile; fileRef = 02DA23DE2AE8026700AC91B1 /* AdditionalWeatherInfoView.swift */; };
		02DA23E22AE8236F00AC91B1 /* RainAnimation.swift in Sources */ = {isa = PBXBuildFile; fileRef = 02DA23E12AE8236F00AC91B1 /* RainAnimation.swift */; };
		02DA23E42AE8239D00AC91B1 /* WindAnimation.swift in Sources */ = {isa = PBXBuildFile; fileRef = 02DA23E32AE8239D00AC91B1 /* WindAnimation.swift */; };
		02DA23E62AE823AE00AC91B1 /* SunAnimation.swift in Sources */ = {isa = PBXBuildFile; fileRef = 02DA23E52AE823AE00AC91B1 /* SunAnimation.swift */; };
		02DA23E82AE823BF00AC91B1 /* CloudAnimation.swift in Sources */ = {isa = PBXBuildFile; fileRef = 02DA23E72AE823BF00AC91B1 /* CloudAnimation.swift */; };
		02DA23EA2AE823D100AC91B1 /* DrizzleAnimation.swift in Sources */ = {isa = PBXBuildFile; fileRef = 02DA23E92AE823D100AC91B1 /* DrizzleAnimation.swift */; };
		02DA23EC2AE823DF00AC91B1 /* MistAnimation.swift in Sources */ = {isa = PBXBuildFile; fileRef = 02DA23EB2AE823DF00AC91B1 /* MistAnimation.swift */; };
		02DA23EE2AE823ED00AC91B1 /* SnowAnimation.swift in Sources */ = {isa = PBXBuildFile; fileRef = 02DA23ED2AE823ED00AC91B1 /* SnowAnimation.swift */; };
/* End PBXBuildFile section */

/* Begin PBXContainerItemProxy section */
		0216137D2AE74E0E008BBD79 /* PBXContainerItemProxy */ = {
			isa = PBXContainerItemProxy;
			containerPortal = 021613642AE74E0B008BBD79 /* Project object */;
			proxyType = 1;
			remoteGlobalIDString = 0216136B2AE74E0C008BBD79;
			remoteInfo = WeatherPulse;
		};
		021613872AE74E0E008BBD79 /* PBXContainerItemProxy */ = {
			isa = PBXContainerItemProxy;
			containerPortal = 021613642AE74E0B008BBD79 /* Project object */;
			proxyType = 1;
			remoteGlobalIDString = 0216136B2AE74E0C008BBD79;
			remoteInfo = WeatherPulse;
		};
/* End PBXContainerItemProxy section */

/* Begin PBXFileReference section */
		0216136C2AE74E0C008BBD79 /* WeatherPulse.app */ = {isa = PBXFileReference; explicitFileType = wrapper.application; includeInIndex = 0; path = WeatherPulse.app; sourceTree = BUILT_PRODUCTS_DIR; };
		0216136F2AE74E0C008BBD79 /* WeatherPulseApp.swift */ = {isa = PBXFileReference; lastKnownFileType = sourcecode.swift; path = WeatherPulseApp.swift; sourceTree = "<group>"; };
		021613732AE74E0E008BBD79 /* Assets.xcassets */ = {isa = PBXFileReference; lastKnownFileType = folder.assetcatalog; path = Assets.xcassets; sourceTree = "<group>"; };
		021613762AE74E0E008BBD79 /* Preview Assets.xcassets */ = {isa = PBXFileReference; lastKnownFileType = folder.assetcatalog; path = "Preview Assets.xcassets"; sourceTree = "<group>"; };
		0216137C2AE74E0E008BBD79 /* WeatherPulseTests.xctest */ = {isa = PBXFileReference; explicitFileType = wrapper.cfbundle; includeInIndex = 0; path = WeatherPulseTests.xctest; sourceTree = BUILT_PRODUCTS_DIR; };
		021613802AE74E0E008BBD79 /* WeatherPulseTests.swift */ = {isa = PBXFileReference; lastKnownFileType = sourcecode.swift; path = WeatherPulseTests.swift; sourceTree = "<group>"; };
		021613862AE74E0E008BBD79 /* WeatherPulseUITests.xctest */ = {isa = PBXFileReference; explicitFileType = wrapper.cfbundle; includeInIndex = 0; path = WeatherPulseUITests.xctest; sourceTree = BUILT_PRODUCTS_DIR; };
		0216138A2AE74E0E008BBD79 /* WeatherPulseUITests.swift */ = {isa = PBXFileReference; lastKnownFileType = sourcecode.swift; path = WeatherPulseUITests.swift; sourceTree = "<group>"; };
		0216138C2AE74E0E008BBD79 /* WeatherPulseUITestsLaunchTests.swift */ = {isa = PBXFileReference; lastKnownFileType = sourcecode.swift; path = WeatherPulseUITestsLaunchTests.swift; sourceTree = "<group>"; };
		0216139D2AE751C7008BBD79 /* WeatherModel.swift */ = {isa = PBXFileReference; lastKnownFileType = sourcecode.swift; path = WeatherModel.swift; sourceTree = "<group>"; };
		0216139F2AE751E5008BBD79 /* WeatherAPI.swift */ = {isa = PBXFileReference; lastKnownFileType = sourcecode.swift; path = WeatherAPI.swift; sourceTree = "<group>"; };
		021613A12AE7522F008BBD79 /* WeatherViewModel.swift */ = {isa = PBXFileReference; lastKnownFileType = sourcecode.swift; path = WeatherViewModel.swift; sourceTree = "<group>"; };
		021613A32AE752FB008BBD79 /* WeatherPulseView.swift */ = {isa = PBXFileReference; lastKnownFileType = sourcecode.swift; path = WeatherPulseView.swift; sourceTree = "<group>"; };
		021613A52AE75314008BBD79 /* CurrentWeatherView.swift */ = {isa = PBXFileReference; lastKnownFileType = sourcecode.swift; path = CurrentWeatherView.swift; sourceTree = "<group>"; };
		021613A72AE75325008BBD79 /* DailyWeatherView.swift */ = {isa = PBXFileReference; lastKnownFileType = sourcecode.swift; path = DailyWeatherView.swift; sourceTree = "<group>"; };
		021613AB2AE75694008BBD79 /* WeatherAPIError.swift */ = {isa = PBXFileReference; lastKnownFileType = sourcecode.swift; path = WeatherAPIError.swift; sourceTree = "<group>"; };
		021613AD2AE756A7008BBD79 /* WeatherAPIProtocol.swift */ = {isa = PBXFileReference; lastKnownFileType = sourcecode.swift; path = WeatherAPIProtocol.swift; sourceTree = "<group>"; };
		021613AF2AE75BA0008BBD79 /* LocationManagerProtocol.swift */ = {isa = PBXFileReference; lastKnownFileType = sourcecode.swift; path = LocationManagerProtocol.swift; sourceTree = "<group>"; };
		021613B12AE76032008BBD79 /* LocationManager.swift */ = {isa = PBXFileReference; lastKnownFileType = sourcecode.swift; path = LocationManager.swift; sourceTree = "<group>"; };
		02DA23DE2AE8026700AC91B1 /* AdditionalWeatherInfoView.swift */ = {isa = PBXFileReference; lastKnownFileType = sourcecode.swift; path = AdditionalWeatherInfoView.swift; sourceTree = "<group>"; };
		02DA23E12AE8236F00AC91B1 /* RainAnimation.swift */ = {isa = PBXFileReference; lastKnownFileType = sourcecode.swift; path = RainAnimation.swift; sourceTree = "<group>"; };
		02DA23E32AE8239D00AC91B1 /* WindAnimation.swift */ = {isa = PBXFileReference; lastKnownFileType = sourcecode.swift; path = WindAnimation.swift; sourceTree = "<group>"; };
		02DA23E52AE823AE00AC91B1 /* SunAnimation.swift */ = {isa = PBXFileReference; lastKnownFileType = sourcecode.swift; path = SunAnimation.swift; sourceTree = "<group>"; };
		02DA23E72AE823BF00AC91B1 /* CloudAnimation.swift */ = {isa = PBXFileReference; lastKnownFileType = sourcecode.swift; path = CloudAnimation.swift; sourceTree = "<group>"; };
		02DA23E92AE823D100AC91B1 /* DrizzleAnimation.swift */ = {isa = PBXFileReference; lastKnownFileType = sourcecode.swift; path = DrizzleAnimation.swift; sourceTree = "<group>"; };
		02DA23EB2AE823DF00AC91B1 /* MistAnimation.swift */ = {isa = PBXFileReference; lastKnownFileType = sourcecode.swift; path = MistAnimation.swift; sourceTree = "<group>"; };
		02DA23ED2AE823ED00AC91B1 /* SnowAnimation.swift */ = {isa = PBXFileReference; lastKnownFileType = sourcecode.swift; path = SnowAnimation.swift; sourceTree = "<group>"; };
/* End PBXFileReference section */

/* Begin PBXFrameworksBuildPhase section */
		021613692AE74E0C008BBD79 /* Frameworks */ = {
			isa = PBXFrameworksBuildPhase;
			buildActionMask = 2147483647;
			files = (
			);
			runOnlyForDeploymentPostprocessing = 0;
		};
		021613792AE74E0E008BBD79 /* Frameworks */ = {
			isa = PBXFrameworksBuildPhase;
			buildActionMask = 2147483647;
			files = (
			);
			runOnlyForDeploymentPostprocessing = 0;
		};
		021613832AE74E0E008BBD79 /* Frameworks */ = {
			isa = PBXFrameworksBuildPhase;
			buildActionMask = 2147483647;
			files = (
			);
			runOnlyForDeploymentPostprocessing = 0;
		};
/* End PBXFrameworksBuildPhase section */

/* Begin PBXGroup section */
		021613632AE74E0B008BBD79 = {
			isa = PBXGroup;
			children = (
				0216136E2AE74E0C008BBD79 /* WeatherPulse */,
				0216137F2AE74E0E008BBD79 /* WeatherPulseTests */,
				021613892AE74E0E008BBD79 /* WeatherPulseUITests */,
				0216136D2AE74E0C008BBD79 /* Products */,
			);
			sourceTree = "<group>";
		};
		0216136D2AE74E0C008BBD79 /* Products */ = {
			isa = PBXGroup;
			children = (
				0216136C2AE74E0C008BBD79 /* WeatherPulse.app */,
				0216137C2AE74E0E008BBD79 /* WeatherPulseTests.xctest */,
				021613862AE74E0E008BBD79 /* WeatherPulseUITests.xctest */,
			);
			name = Products;
			sourceTree = "<group>";
		};
		0216136E2AE74E0C008BBD79 /* WeatherPulse */ = {
			isa = PBXGroup;
			children = (
				02DA23E02AE8236000AC91B1 /* Animations */,
				0216139C2AE751A3008BBD79 /* API */,
				0216139B2AE7519E008BBD79 /* ViewModel */,
				0216139A2AE7519A008BBD79 /* View */,
				021613992AE75190008BBD79 /* Model */,
				0216136F2AE74E0C008BBD79 /* WeatherPulseApp.swift */,
				021613732AE74E0E008BBD79 /* Assets.xcassets */,
				021613752AE74E0E008BBD79 /* Preview Content */,
			);
			path = WeatherPulse;
			sourceTree = "<group>";
		};
		021613752AE74E0E008BBD79 /* Preview Content */ = {
			isa = PBXGroup;
			children = (
				021613762AE74E0E008BBD79 /* Preview Assets.xcassets */,
			);
			path = "Preview Content";
			sourceTree = "<group>";
		};
		0216137F2AE74E0E008BBD79 /* WeatherPulseTests */ = {
			isa = PBXGroup;
			children = (
				021613802AE74E0E008BBD79 /* WeatherPulseTests.swift */,
			);
			path = WeatherPulseTests;
			sourceTree = "<group>";
		};
		021613892AE74E0E008BBD79 /* WeatherPulseUITests */ = {
			isa = PBXGroup;
			children = (
				0216138A2AE74E0E008BBD79 /* WeatherPulseUITests.swift */,
				0216138C2AE74E0E008BBD79 /* WeatherPulseUITestsLaunchTests.swift */,
			);
			path = WeatherPulseUITests;
			sourceTree = "<group>";
		};
		021613992AE75190008BBD79 /* Model */ = {
			isa = PBXGroup;
			children = (
				0216139D2AE751C7008BBD79 /* WeatherModel.swift */,
			);
			path = Model;
			sourceTree = "<group>";
		};
		0216139A2AE7519A008BBD79 /* View */ = {
			isa = PBXGroup;
			children = (
				021613A32AE752FB008BBD79 /* WeatherPulseView.swift */,
				021613A52AE75314008BBD79 /* CurrentWeatherView.swift */,
				021613A72AE75325008BBD79 /* DailyWeatherView.swift */,
				02DA23DE2AE8026700AC91B1 /* AdditionalWeatherInfoView.swift */,
			);
			path = View;
			sourceTree = "<group>";
		};
		0216139B2AE7519E008BBD79 /* ViewModel */ = {
			isa = PBXGroup;
			children = (
				021613A12AE7522F008BBD79 /* WeatherViewModel.swift */,
			);
			path = ViewModel;
			sourceTree = "<group>";
		};
		0216139C2AE751A3008BBD79 /* API */ = {
			isa = PBXGroup;
			children = (
				0216139F2AE751E5008BBD79 /* WeatherAPI.swift */,
				021613AB2AE75694008BBD79 /* WeatherAPIError.swift */,
				021613AD2AE756A7008BBD79 /* WeatherAPIProtocol.swift */,
				021613AF2AE75BA0008BBD79 /* LocationManagerProtocol.swift */,
				021613B12AE76032008BBD79 /* LocationManager.swift */,
			);
			path = API;
			sourceTree = "<group>";
		};
		02DA23E02AE8236000AC91B1 /* Animations */ = {
			isa = PBXGroup;
			children = (
				02DA23E12AE8236F00AC91B1 /* RainAnimation.swift */,
				02DA23E32AE8239D00AC91B1 /* WindAnimation.swift */,
				02DA23E52AE823AE00AC91B1 /* SunAnimation.swift */,
				02DA23E72AE823BF00AC91B1 /* CloudAnimation.swift */,
				02DA23E92AE823D100AC91B1 /* DrizzleAnimation.swift */,
				02DA23EB2AE823DF00AC91B1 /* MistAnimation.swift */,
				02DA23ED2AE823ED00AC91B1 /* SnowAnimation.swift */,
			);
			path = Animations;
			sourceTree = "<group>";
		};
/* End PBXGroup section */

/* Begin PBXNativeTarget section */
		0216136B2AE74E0C008BBD79 /* WeatherPulse */ = {
			isa = PBXNativeTarget;
			buildConfigurationList = 021613902AE74E0E008BBD79 /* Build configuration list for PBXNativeTarget "WeatherPulse" */;
			buildPhases = (
				021613682AE74E0C008BBD79 /* Sources */,
				021613692AE74E0C008BBD79 /* Frameworks */,
				0216136A2AE74E0C008BBD79 /* Resources */,
			);
			buildRules = (
			);
			dependencies = (
			);
			name = WeatherPulse;
			productName = WeatherPulse;
			productReference = 0216136C2AE74E0C008BBD79 /* WeatherPulse.app */;
			productType = "com.apple.product-type.application";
		};
		0216137B2AE74E0E008BBD79 /* WeatherPulseTests */ = {
			isa = PBXNativeTarget;
			buildConfigurationList = 021613932AE74E0E008BBD79 /* Build configuration list for PBXNativeTarget "WeatherPulseTests" */;
			buildPhases = (
				021613782AE74E0E008BBD79 /* Sources */,
				021613792AE74E0E008BBD79 /* Frameworks */,
				0216137A2AE74E0E008BBD79 /* Resources */,
			);
			buildRules = (
			);
			dependencies = (
				0216137E2AE74E0E008BBD79 /* PBXTargetDependency */,
			);
			name = WeatherPulseTests;
			productName = WeatherPulseTests;
			productReference = 0216137C2AE74E0E008BBD79 /* WeatherPulseTests.xctest */;
			productType = "com.apple.product-type.bundle.unit-test";
		};
		021613852AE74E0E008BBD79 /* WeatherPulseUITests */ = {
			isa = PBXNativeTarget;
			buildConfigurationList = 021613962AE74E0E008BBD79 /* Build configuration list for PBXNativeTarget "WeatherPulseUITests" */;
			buildPhases = (
				021613822AE74E0E008BBD79 /* Sources */,
				021613832AE74E0E008BBD79 /* Frameworks */,
				021613842AE74E0E008BBD79 /* Resources */,
			);
			buildRules = (
			);
			dependencies = (
				021613882AE74E0E008BBD79 /* PBXTargetDependency */,
			);
			name = WeatherPulseUITests;
			productName = WeatherPulseUITests;
			productReference = 021613862AE74E0E008BBD79 /* WeatherPulseUITests.xctest */;
			productType = "com.apple.product-type.bundle.ui-testing";
		};
/* End PBXNativeTarget section */

/* Begin PBXProject section */
		021613642AE74E0B008BBD79 /* Project object */ = {
			isa = PBXProject;
			attributes = {
				BuildIndependentTargetsInParallel = 1;
				LastSwiftUpdateCheck = 1500;
				LastUpgradeCheck = 1500;
				TargetAttributes = {
					0216136B2AE74E0C008BBD79 = {
						CreatedOnToolsVersion = 15.0;
					};
					0216137B2AE74E0E008BBD79 = {
						CreatedOnToolsVersion = 15.0;
						TestTargetID = 0216136B2AE74E0C008BBD79;
					};
					021613852AE74E0E008BBD79 = {
						CreatedOnToolsVersion = 15.0;
						TestTargetID = 0216136B2AE74E0C008BBD79;
					};
				};
			};
			buildConfigurationList = 021613672AE74E0B008BBD79 /* Build configuration list for PBXProject "WeatherPulse" */;
			compatibilityVersion = "Xcode 14.0";
			developmentRegion = en;
			hasScannedForEncodings = 0;
			knownRegions = (
				en,
				Base,
			);
			mainGroup = 021613632AE74E0B008BBD79;
			productRefGroup = 0216136D2AE74E0C008BBD79 /* Products */;
			projectDirPath = "";
			projectRoot = "";
			targets = (
				0216136B2AE74E0C008BBD79 /* WeatherPulse */,
				0216137B2AE74E0E008BBD79 /* WeatherPulseTests */,
				021613852AE74E0E008BBD79 /* WeatherPulseUITests */,
			);
		};
/* End PBXProject section */

/* Begin PBXResourcesBuildPhase section */
		0216136A2AE74E0C008BBD79 /* Resources */ = {
			isa = PBXResourcesBuildPhase;
			buildActionMask = 2147483647;
			files = (
				021613772AE74E0E008BBD79 /* Preview Assets.xcassets in Resources */,
				021613742AE74E0E008BBD79 /* Assets.xcassets in Resources */,
			);
			runOnlyForDeploymentPostprocessing = 0;
		};
		0216137A2AE74E0E008BBD79 /* Resources */ = {
			isa = PBXResourcesBuildPhase;
			buildActionMask = 2147483647;
			files = (
			);
			runOnlyForDeploymentPostprocessing = 0;
		};
		021613842AE74E0E008BBD79 /* Resources */ = {
			isa = PBXResourcesBuildPhase;
			buildActionMask = 2147483647;
			files = (
			);
			runOnlyForDeploymentPostprocessing = 0;
		};
/* End PBXResourcesBuildPhase section */

/* Begin PBXSourcesBuildPhase section */
		021613682AE74E0C008BBD79 /* Sources */ = {
			isa = PBXSourcesBuildPhase;
			buildActionMask = 2147483647;
			files = (
				021613A22AE7522F008BBD79 /* WeatherViewModel.swift in Sources */,
				021613AC2AE75694008BBD79 /* WeatherAPIError.swift in Sources */,
				021613A02AE751E5008BBD79 /* WeatherAPI.swift in Sources */,
				02DA23EC2AE823DF00AC91B1 /* MistAnimation.swift in Sources */,
				021613A42AE752FB008BBD79 /* WeatherPulseView.swift in Sources */,
				021613A62AE75314008BBD79 /* CurrentWeatherView.swift in Sources */,
				021613B02AE75BA0008BBD79 /* LocationManagerProtocol.swift in Sources */,
				02DA23E82AE823BF00AC91B1 /* CloudAnimation.swift in Sources */,
				02DA23E42AE8239D00AC91B1 /* WindAnimation.swift in Sources */,
				02DA23EA2AE823D100AC91B1 /* DrizzleAnimation.swift in Sources */,
				0216139E2AE751C7008BBD79 /* WeatherModel.swift in Sources */,
				021613B22AE76032008BBD79 /* LocationManager.swift in Sources */,
				021613AE2AE756A7008BBD79 /* WeatherAPIProtocol.swift in Sources */,
				021613702AE74E0C008BBD79 /* WeatherPulseApp.swift in Sources */,
				02DA23DF2AE8026700AC91B1 /* AdditionalWeatherInfoView.swift in Sources */,
				02DA23E22AE8236F00AC91B1 /* RainAnimation.swift in Sources */,
				02DA23EE2AE823ED00AC91B1 /* SnowAnimation.swift in Sources */,
				021613A82AE75325008BBD79 /* DailyWeatherView.swift in Sources */,
				02DA23E62AE823AE00AC91B1 /* SunAnimation.swift in Sources */,
			);
			runOnlyForDeploymentPostprocessing = 0;
		};
		021613782AE74E0E008BBD79 /* Sources */ = {
			isa = PBXSourcesBuildPhase;
			buildActionMask = 2147483647;
			files = (
				021613812AE74E0E008BBD79 /* WeatherPulseTests.swift in Sources */,
			);
			runOnlyForDeploymentPostprocessing = 0;
		};
		021613822AE74E0E008BBD79 /* Sources */ = {
			isa = PBXSourcesBuildPhase;
			buildActionMask = 2147483647;
			files = (
				0216138B2AE74E0E008BBD79 /* WeatherPulseUITests.swift in Sources */,
				0216138D2AE74E0E008BBD79 /* WeatherPulseUITestsLaunchTests.swift in Sources */,
			);
			runOnlyForDeploymentPostprocessing = 0;
		};
/* End PBXSourcesBuildPhase section */

/* Begin PBXTargetDependency section */
		0216137E2AE74E0E008BBD79 /* PBXTargetDependency */ = {
			isa = PBXTargetDependency;
			target = 0216136B2AE74E0C008BBD79 /* WeatherPulse */;
			targetProxy = 0216137D2AE74E0E008BBD79 /* PBXContainerItemProxy */;
		};
		021613882AE74E0E008BBD79 /* PBXTargetDependency */ = {
			isa = PBXTargetDependency;
			target = 0216136B2AE74E0C008BBD79 /* WeatherPulse */;
			targetProxy = 021613872AE74E0E008BBD79 /* PBXContainerItemProxy */;
		};
/* End PBXTargetDependency section */

/* Begin XCBuildConfiguration section */
		0216138E2AE74E0E008BBD79 /* Debug */ = {
			isa = XCBuildConfiguration;
			buildSettings = {
				ALWAYS_SEARCH_USER_PATHS = NO;
				ASSETCATALOG_COMPILER_GENERATE_SWIFT_ASSET_SYMBOL_EXTENSIONS = YES;
				CLANG_ANALYZER_NONNULL = YES;
				CLANG_ANALYZER_NUMBER_OBJECT_CONVERSION = YES_AGGRESSIVE;
				CLANG_CXX_LANGUAGE_STANDARD = "gnu++20";
				CLANG_ENABLE_MODULES = YES;
				CLANG_ENABLE_OBJC_ARC = YES;
				CLANG_ENABLE_OBJC_WEAK = YES;
				CLANG_WARN_BLOCK_CAPTURE_AUTORELEASING = YES;
				CLANG_WARN_BOOL_CONVERSION = YES;
				CLANG_WARN_COMMA = YES;
				CLANG_WARN_CONSTANT_CONVERSION = YES;
				CLANG_WARN_DEPRECATED_OBJC_IMPLEMENTATIONS = YES;
				CLANG_WARN_DIRECT_OBJC_ISA_USAGE = YES_ERROR;
				CLANG_WARN_DOCUMENTATION_COMMENTS = YES;
				CLANG_WARN_EMPTY_BODY = YES;
				CLANG_WARN_ENUM_CONVERSION = YES;
				CLANG_WARN_INFINITE_RECURSION = YES;
				CLANG_WARN_INT_CONVERSION = YES;
				CLANG_WARN_NON_LITERAL_NULL_CONVERSION = YES;
				CLANG_WARN_OBJC_IMPLICIT_RETAIN_SELF = YES;
				CLANG_WARN_OBJC_LITERAL_CONVERSION = YES;
				CLANG_WARN_OBJC_ROOT_CLASS = YES_ERROR;
				CLANG_WARN_QUOTED_INCLUDE_IN_FRAMEWORK_HEADER = YES;
				CLANG_WARN_RANGE_LOOP_ANALYSIS = YES;
				CLANG_WARN_STRICT_PROTOTYPES = YES;
				CLANG_WARN_SUSPICIOUS_MOVE = YES;
				CLANG_WARN_UNGUARDED_AVAILABILITY = YES_AGGRESSIVE;
				CLANG_WARN_UNREACHABLE_CODE = YES;
				CLANG_WARN__DUPLICATE_METHOD_MATCH = YES;
				COPY_PHASE_STRIP = NO;
				DEBUG_INFORMATION_FORMAT = dwarf;
				ENABLE_STRICT_OBJC_MSGSEND = YES;
				ENABLE_TESTABILITY = YES;
				ENABLE_USER_SCRIPT_SANDBOXING = YES;
				GCC_C_LANGUAGE_STANDARD = gnu17;
				GCC_DYNAMIC_NO_PIC = NO;
				GCC_NO_COMMON_BLOCKS = YES;
				GCC_OPTIMIZATION_LEVEL = 0;
				GCC_PREPROCESSOR_DEFINITIONS = (
					"DEBUG=1",
					"$(inherited)",
				);
				GCC_WARN_64_TO_32_BIT_CONVERSION = YES;
				GCC_WARN_ABOUT_RETURN_TYPE = YES_ERROR;
				GCC_WARN_UNDECLARED_SELECTOR = YES;
				GCC_WARN_UNINITIALIZED_AUTOS = YES_AGGRESSIVE;
				GCC_WARN_UNUSED_FUNCTION = YES;
				GCC_WARN_UNUSED_VARIABLE = YES;
				IPHONEOS_DEPLOYMENT_TARGET = 17.0;
				LOCALIZATION_PREFERS_STRING_CATALOGS = YES;
				MTL_ENABLE_DEBUG_INFO = INCLUDE_SOURCE;
				MTL_FAST_MATH = YES;
				ONLY_ACTIVE_ARCH = YES;
				SDKROOT = iphoneos;
				SWIFT_ACTIVE_COMPILATION_CONDITIONS = "DEBUG $(inherited)";
				SWIFT_OPTIMIZATION_LEVEL = "-Onone";
			};
			name = Debug;
		};
		0216138F2AE74E0E008BBD79 /* Release */ = {
			isa = XCBuildConfiguration;
			buildSettings = {
				ALWAYS_SEARCH_USER_PATHS = NO;
				ASSETCATALOG_COMPILER_GENERATE_SWIFT_ASSET_SYMBOL_EXTENSIONS = YES;
				CLANG_ANALYZER_NONNULL = YES;
				CLANG_ANALYZER_NUMBER_OBJECT_CONVERSION = YES_AGGRESSIVE;
				CLANG_CXX_LANGUAGE_STANDARD = "gnu++20";
				CLANG_ENABLE_MODULES = YES;
				CLANG_ENABLE_OBJC_ARC = YES;
				CLANG_ENABLE_OBJC_WEAK = YES;
				CLANG_WARN_BLOCK_CAPTURE_AUTORELEASING = YES;
				CLANG_WARN_BOOL_CONVERSION = YES;
				CLANG_WARN_COMMA = YES;
				CLANG_WARN_CONSTANT_CONVERSION = YES;
				CLANG_WARN_DEPRECATED_OBJC_IMPLEMENTATIONS = YES;
				CLANG_WARN_DIRECT_OBJC_ISA_USAGE = YES_ERROR;
				CLANG_WARN_DOCUMENTATION_COMMENTS = YES;
				CLANG_WARN_EMPTY_BODY = YES;
				CLANG_WARN_ENUM_CONVERSION = YES;
				CLANG_WARN_INFINITE_RECURSION = YES;
				CLANG_WARN_INT_CONVERSION = YES;
				CLANG_WARN_NON_LITERAL_NULL_CONVERSION = YES;
				CLANG_WARN_OBJC_IMPLICIT_RETAIN_SELF = YES;
				CLANG_WARN_OBJC_LITERAL_CONVERSION = YES;
				CLANG_WARN_OBJC_ROOT_CLASS = YES_ERROR;
				CLANG_WARN_QUOTED_INCLUDE_IN_FRAMEWORK_HEADER = YES;
				CLANG_WARN_RANGE_LOOP_ANALYSIS = YES;
				CLANG_WARN_STRICT_PROTOTYPES = YES;
				CLANG_WARN_SUSPICIOUS_MOVE = YES;
				CLANG_WARN_UNGUARDED_AVAILABILITY = YES_AGGRESSIVE;
				CLANG_WARN_UNREACHABLE_CODE = YES;
				CLANG_WARN__DUPLICATE_METHOD_MATCH = YES;
				COPY_PHASE_STRIP = NO;
				DEBUG_INFORMATION_FORMAT = "dwarf-with-dsym";
				ENABLE_NS_ASSERTIONS = NO;
				ENABLE_STRICT_OBJC_MSGSEND = YES;
				ENABLE_USER_SCRIPT_SANDBOXING = YES;
				GCC_C_LANGUAGE_STANDARD = gnu17;
				GCC_NO_COMMON_BLOCKS = YES;
				GCC_WARN_64_TO_32_BIT_CONVERSION = YES;
				GCC_WARN_ABOUT_RETURN_TYPE = YES_ERROR;
				GCC_WARN_UNDECLARED_SELECTOR = YES;
				GCC_WARN_UNINITIALIZED_AUTOS = YES_AGGRESSIVE;
				GCC_WARN_UNUSED_FUNCTION = YES;
				GCC_WARN_UNUSED_VARIABLE = YES;
				IPHONEOS_DEPLOYMENT_TARGET = 17.0;
				LOCALIZATION_PREFERS_STRING_CATALOGS = YES;
				MTL_ENABLE_DEBUG_INFO = NO;
				MTL_FAST_MATH = YES;
				SDKROOT = iphoneos;
				SWIFT_COMPILATION_MODE = wholemodule;
				VALIDATE_PRODUCT = YES;
			};
			name = Release;
		};
		021613912AE74E0E008BBD79 /* Debug */ = {
			isa = XCBuildConfiguration;
			buildSettings = {
				ASSETCATALOG_COMPILER_APPICON_NAME = AppIcon;
				ASSETCATALOG_COMPILER_GLOBAL_ACCENT_COLOR_NAME = AccentColor;
				CODE_SIGN_STYLE = Automatic;
				CURRENT_PROJECT_VERSION = 1;
				DEVELOPMENT_ASSET_PATHS = "\"WeatherPulse/Preview Content\"";
				ENABLE_PREVIEWS = YES;
				GENERATE_INFOPLIST_FILE = YES;
				INFOPLIST_FILE = WeatherPulse/Info.plist;
				INFOPLIST_KEY_UIApplicationSceneManifest_Generation = YES;
				INFOPLIST_KEY_UIApplicationSupportsIndirectInputEvents = YES;
				INFOPLIST_KEY_UILaunchScreen_Generation = YES;
				INFOPLIST_KEY_UISupportedInterfaceOrientations_iPad = "UIInterfaceOrientationPortrait UIInterfaceOrientationPortraitUpsideDown UIInterfaceOrientationLandscapeLeft UIInterfaceOrientationLandscapeRight";
				INFOPLIST_KEY_UISupportedInterfaceOrientations_iPhone = "UIInterfaceOrientationPortrait UIInterfaceOrientationLandscapeLeft UIInterfaceOrientationLandscapeRight";
				LD_RUNPATH_SEARCH_PATHS = (
					"$(inherited)",
					"@executable_path/Frameworks",
				);
				MARKETING_VERSION = 1.0;
				PRODUCT_BUNDLE_IDENTIFIER = com.mac.matthew.WeatherPulse;
				PRODUCT_NAME = "$(TARGET_NAME)";
				SWIFT_EMIT_LOC_STRINGS = YES;
				SWIFT_VERSION = 5.0;
				TARGETED_DEVICE_FAMILY = "1,2";
			};
			name = Debug;
		};
		021613922AE74E0E008BBD79 /* Release */ = {
			isa = XCBuildConfiguration;
			buildSettings = {
				ASSETCATALOG_COMPILER_APPICON_NAME = AppIcon;
				ASSETCATALOG_COMPILER_GLOBAL_ACCENT_COLOR_NAME = AccentColor;
				CODE_SIGN_STYLE = Automatic;
				CURRENT_PROJECT_VERSION = 1;
				DEVELOPMENT_ASSET_PATHS = "\"WeatherPulse/Preview Content\"";
				ENABLE_PREVIEWS = YES;
				GENERATE_INFOPLIST_FILE = YES;
				INFOPLIST_FILE = WeatherPulse/Info.plist;
				INFOPLIST_KEY_UIApplicationSceneManifest_Generation = YES;
				INFOPLIST_KEY_UIApplicationSupportsIndirectInputEvents = YES;
				INFOPLIST_KEY_UILaunchScreen_Generation = YES;
				INFOPLIST_KEY_UISupportedInterfaceOrientations_iPad = "UIInterfaceOrientationPortrait UIInterfaceOrientationPortraitUpsideDown UIInterfaceOrientationLandscapeLeft UIInterfaceOrientationLandscapeRight";
				INFOPLIST_KEY_UISupportedInterfaceOrientations_iPhone = "UIInterfaceOrientationPortrait UIInterfaceOrientationLandscapeLeft UIInterfaceOrientationLandscapeRight";
				LD_RUNPATH_SEARCH_PATHS = (
					"$(inherited)",
					"@executable_path/Frameworks",
				);
				MARKETING_VERSION = 1.0;
				PRODUCT_BUNDLE_IDENTIFIER = com.mac.matthew.WeatherPulse;
				PRODUCT_NAME = "$(TARGET_NAME)";
				SWIFT_EMIT_LOC_STRINGS = YES;
				SWIFT_VERSION = 5.0;
				TARGETED_DEVICE_FAMILY = "1,2";
			};
			name = Release;
		};
		021613942AE74E0E008BBD79 /* Debug */ = {
			isa = XCBuildConfiguration;
			buildSettings = {
				ALWAYS_EMBED_SWIFT_STANDARD_LIBRARIES = YES;
				BUNDLE_LOADER = "$(TEST_HOST)";
				CODE_SIGN_STYLE = Automatic;
				CURRENT_PROJECT_VERSION = 1;
				GENERATE_INFOPLIST_FILE = YES;
				IPHONEOS_DEPLOYMENT_TARGET = 17.0;
				MARKETING_VERSION = 1.0;
				PRODUCT_BUNDLE_IDENTIFIER = com.mac.matthew.WeatherPulseTests;
				PRODUCT_NAME = "$(TARGET_NAME)";
				SWIFT_EMIT_LOC_STRINGS = NO;
				SWIFT_VERSION = 5.0;
				TARGETED_DEVICE_FAMILY = "1,2";
				TEST_HOST = "$(BUILT_PRODUCTS_DIR)/WeatherPulse.app/$(BUNDLE_EXECUTABLE_FOLDER_PATH)/WeatherPulse";
			};
			name = Debug;
		};
		021613952AE74E0E008BBD79 /* Release */ = {
			isa = XCBuildConfiguration;
			buildSettings = {
				ALWAYS_EMBED_SWIFT_STANDARD_LIBRARIES = YES;
				BUNDLE_LOADER = "$(TEST_HOST)";
				CODE_SIGN_STYLE = Automatic;
				CURRENT_PROJECT_VERSION = 1;
				GENERATE_INFOPLIST_FILE = YES;
				IPHONEOS_DEPLOYMENT_TARGET = 17.0;
				MARKETING_VERSION = 1.0;
				PRODUCT_BUNDLE_IDENTIFIER = com.mac.matthew.WeatherPulseTests;
				PRODUCT_NAME = "$(TARGET_NAME)";
				SWIFT_EMIT_LOC_STRINGS = NO;
				SWIFT_VERSION = 5.0;
				TARGETED_DEVICE_FAMILY = "1,2";
				TEST_HOST = "$(BUILT_PRODUCTS_DIR)/WeatherPulse.app/$(BUNDLE_EXECUTABLE_FOLDER_PATH)/WeatherPulse";
			};
			name = Release;
		};
		021613972AE74E0E008BBD79 /* Debug */ = {
			isa = XCBuildConfiguration;
			buildSettings = {
				ALWAYS_EMBED_SWIFT_STANDARD_LIBRARIES = YES;
				CODE_SIGN_STYLE = Automatic;
				CURRENT_PROJECT_VERSION = 1;
				GENERATE_INFOPLIST_FILE = YES;
				MARKETING_VERSION = 1.0;
				PRODUCT_BUNDLE_IDENTIFIER = com.mac.matthew.WeatherPulseUITests;
				PRODUCT_NAME = "$(TARGET_NAME)";
				SWIFT_EMIT_LOC_STRINGS = NO;
				SWIFT_VERSION = 5.0;
				TARGETED_DEVICE_FAMILY = "1,2";
				TEST_TARGET_NAME = WeatherPulse;
			};
			name = Debug;
		};
		021613982AE74E0E008BBD79 /* Release */ = {
			isa = XCBuildConfiguration;
			buildSettings = {
				ALWAYS_EMBED_SWIFT_STANDARD_LIBRARIES = YES;
				CODE_SIGN_STYLE = Automatic;
				CURRENT_PROJECT_VERSION = 1;
				GENERATE_INFOPLIST_FILE = YES;
				MARKETING_VERSION = 1.0;
				PRODUCT_BUNDLE_IDENTIFIER = com.mac.matthew.WeatherPulseUITests;
				PRODUCT_NAME = "$(TARGET_NAME)";
				SWIFT_EMIT_LOC_STRINGS = NO;
				SWIFT_VERSION = 5.0;
				TARGETED_DEVICE_FAMILY = "1,2";
				TEST_TARGET_NAME = WeatherPulse;
			};
			name = Release;
		};
/* End XCBuildConfiguration section */

/* Begin XCConfigurationList section */
		021613672AE74E0B008BBD79 /* Build configuration list for PBXProject "WeatherPulse" */ = {
			isa = XCConfigurationList;
			buildConfigurations = (
				0216138E2AE74E0E008BBD79 /* Debug */,
				0216138F2AE74E0E008BBD79 /* Release */,
			);
			defaultConfigurationIsVisible = 0;
			defaultConfigurationName = Release;
		};
		021613902AE74E0E008BBD79 /* Build configuration list for PBXNativeTarget "WeatherPulse" */ = {
			isa = XCConfigurationList;
			buildConfigurations = (
				021613912AE74E0E008BBD79 /* Debug */,
				021613922AE74E0E008BBD79 /* Release */,
			);
			defaultConfigurationIsVisible = 0;
			defaultConfigurationName = Release;
		};
		021613932AE74E0E008BBD79 /* Build configuration list for PBXNativeTarget "WeatherPulseTests" */ = {
			isa = XCConfigurationList;
			buildConfigurations = (
				021613942AE74E0E008BBD79 /* Debug */,
				021613952AE74E0E008BBD79 /* Release */,
			);
			defaultConfigurationIsVisible = 0;
			defaultConfigurationName = Release;
		};
		021613962AE74E0E008BBD79 /* Build configuration list for PBXNativeTarget "WeatherPulseUITests" */ = {
			isa = XCConfigurationList;
			buildConfigurations = (
				021613972AE74E0E008BBD79 /* Debug */,
				021613982AE74E0E008BBD79 /* Release */,
			);
			defaultConfigurationIsVisible = 0;
			defaultConfigurationName = Release;
		};
/* End XCConfigurationList section */
	};
	rootObject = 021613642AE74E0B008BBD79 /* Project object */;
}
